
Microsoft Visual Studio Solution File, Format Version 12.00
# Visual Studio Version 17
VisualStudioVersion = 17.4.33213.308
MinimumVisualStudioVersion = 10.0.40219.1
Project("{FAE04EC0-301F-11D3-BF4B-00C04F79EFBC}") = "WpfApp1", "WpfApp1\WpfApp1.csproj", "{CD859E42-8C28-4C3F-B2E7-851CD503008A}"
EndProject
Global
	GlobalSection(SolutionConfigurationPlatforms) = preSolution
		Debug|Any CPU = Debug|Any CPU
		Release|Any CPU = Release|Any CPU
	EndGlobalSection
	GlobalSection(ProjectConfigurationPlatforms) = postSolution
		{CD859E42-8C28-4C3F-B2E7-851CD503008A}.Debug|Any CPU.ActiveCfg = Debug|Any CPU
		{CD859E42-8C28-4C3F-B2E7-851CD503008A}.Debug|Any CPU.Build.0 = Debug|Any CPU
		{CD859E42-8C28-4C3F-B2E7-851CD503008A}.Release|Any CPU.ActiveCfg = Release|Any CPU
		{CD859E42-8C28-4C3F-B2E7-851CD503008A}.Release|Any CPU.Build.0 = Release|Any CPU
	EndGlobalSection
	GlobalSection(SolutionProperties) = preSolution
		HideSolutionNode = FALSE
	EndGlobalSection
	GlobalSection(ExtensibilityGlobals) = postSolution
		SolutionGuid = {C028F18C-E4D6-474E-9478-B8C7D97261D3}
	EndGlobalSection
EndGlobal
